// !$*UTF8*$!
{
	archiveVersion = 1;
	classes = {
	};
	objectVersion = 55;
	objects = {

/* Begin PBXBuildFile section */
		951A311D2800B78300350D60 /* AppDelegate.swift in Sources */ = {isa = PBXBuildFile; fileRef = 951A311C2800B78300350D60 /* AppDelegate.swift */; };
		951A311F2800B78300350D60 /* SceneDelegate.swift in Sources */ = {isa = PBXBuildFile; fileRef = 951A311E2800B78300350D60 /* SceneDelegate.swift */; };
		951A31212800B78300350D60 /* DetailViewController.swift in Sources */ = {isa = PBXBuildFile; fileRef = 951A31202800B78300350D60 /* DetailViewController.swift */; };
		951A31242800B78300350D60 /* Main.storyboard in Resources */ = {isa = PBXBuildFile; fileRef = 951A31222800B78300350D60 /* Main.storyboard */; };
		951A31262800B78300350D60 /* Assets.xcassets in Resources */ = {isa = PBXBuildFile; fileRef = 951A31252800B78300350D60 /* Assets.xcassets */; };
		951A31292800B78300350D60 /* LaunchScreen.storyboard in Resources */ = {isa = PBXBuildFile; fileRef = 951A31272800B78300350D60 /* LaunchScreen.storyboard */; };
		951A31312800B88900350D60 /* TrackListTableViewController.swift in Sources */ = {isa = PBXBuildFile; fileRef = 951A31302800B88900350D60 /* TrackListTableViewController.swift */; };
		951A313A2800BCEA00350D60 /* Track.swift in Sources */ = {isa = PBXBuildFile; fileRef = 951A31392800BCEA00350D60 /* Track.swift */; };
		951A313C2800BE2100350D60 /* NetworkManager.swift in Sources */ = {isa = PBXBuildFile; fileRef = 951A313B2800BE2100350D60 /* NetworkManager.swift */; };
		95C9ED1A2802D9CC00BA0282 /* TrackCell.swift in Sources */ = {isa = PBXBuildFile; fileRef = 95C9ED192802D9CC00BA0282 /* TrackCell.swift */; };
/* End PBXBuildFile section */

/* Begin PBXFileReference section */
		951A31192800B78300350D60 /* iTunes Search JSON.app */ = {isa = PBXFileReference; explicitFileType = wrapper.application; includeInIndex = 0; path = "iTunes Search JSON.app"; sourceTree = BUILT_PRODUCTS_DIR; };
		951A311C2800B78300350D60 /* AppDelegate.swift */ = {isa = PBXFileReference; lastKnownFileType = sourcecode.swift; path = AppDelegate.swift; sourceTree = "<group>"; };
		951A311E2800B78300350D60 /* SceneDelegate.swift */ = {isa = PBXFileReference; lastKnownFileType = sourcecode.swift; path = SceneDelegate.swift; sourceTree = "<group>"; };
		951A31202800B78300350D60 /* DetailViewController.swift */ = {isa = PBXFileReference; lastKnownFileType = sourcecode.swift; path = DetailViewController.swift; sourceTree = "<group>"; };
		951A31232800B78300350D60 /* Base */ = {isa = PBXFileReference; lastKnownFileType = file.storyboard; name = Base; path = Base.lproj/Main.storyboard; sourceTree = "<group>"; };
		951A31252800B78300350D60 /* Assets.xcassets */ = {isa = PBXFileReference; lastKnownFileType = folder.assetcatalog; path = Assets.xcassets; sourceTree = "<group>"; };
		951A31282800B78300350D60 /* Base */ = {isa = PBXFileReference; lastKnownFileType = file.storyboard; name = Base; path = Base.lproj/LaunchScreen.storyboard; sourceTree = "<group>"; };
		951A312A2800B78300350D60 /* Info.plist */ = {isa = PBXFileReference; lastKnownFileType = text.plist.xml; path = Info.plist; sourceTree = "<group>"; };
		951A31302800B88900350D60 /* TrackListTableViewController.swift */ = {isa = PBXFileReference; lastKnownFileType = sourcecode.swift; path = TrackListTableViewController.swift; sourceTree = "<group>"; };
		951A31392800BCEA00350D60 /* Track.swift */ = {isa = PBXFileReference; lastKnownFileType = sourcecode.swift; path = Track.swift; sourceTree = "<group>"; };
		951A313B2800BE2100350D60 /* NetworkManager.swift */ = {isa = PBXFileReference; lastKnownFileType = sourcecode.swift; path = NetworkManager.swift; sourceTree = "<group>"; };
		95C9ED192802D9CC00BA0282 /* TrackCell.swift */ = {isa = PBXFileReference; lastKnownFileType = sourcecode.swift; path = TrackCell.swift; sourceTree = "<group>"; };
/* End PBXFileReference section */

/* Begin PBXFrameworksBuildPhase section */
		951A31162800B78300350D60 /* Frameworks */ = {
			isa = PBXFrameworksBuildPhase;
			buildActionMask = 2147483647;
			files = (
			);
			runOnlyForDeploymentPostprocessing = 0;
		};
/* End PBXFrameworksBuildPhase section */

/* Begin PBXGroup section */
		951A31102800B78300350D60 = {
			isa = PBXGroup;
			children = (
				951A311B2800B78300350D60 /* iTunes Search JSON */,
				951A311A2800B78300350D60 /* Products */,
			);
			sourceTree = "<group>";
		};
		951A311A2800B78300350D60 /* Products */ = {
			isa = PBXGroup;
			children = (
				951A31192800B78300350D60 /* iTunes Search JSON.app */,
			);
			name = Products;
			sourceTree = "<group>";
		};
		951A311B2800B78300350D60 /* iTunes Search JSON */ = {
			isa = PBXGroup;
			children = (
				951A31382800B95A00350D60 /* Models */,
				951A31362800B93200350D60 /* Services */,
				951A31332800B8D800350D60 /* ViewControllers */,
				95C9ED1B2802E86700BA0282 /* Cells */,
				951A31322800B8CD00350D60 /* App */,
				951A31342800B8E700350D60 /* Storyboards */,
				951A31352800B8FA00350D60 /* Resources */,
			);
			path = "iTunes Search JSON";
			sourceTree = "<group>";
		};
		951A31322800B8CD00350D60 /* App */ = {
			isa = PBXGroup;
			children = (
				951A311C2800B78300350D60 /* AppDelegate.swift */,
				951A311E2800B78300350D60 /* SceneDelegate.swift */,
				951A312A2800B78300350D60 /* Info.plist */,
			);
			path = App;
			sourceTree = "<group>";
		};
		951A31332800B8D800350D60 /* ViewControllers */ = {
			isa = PBXGroup;
			children = (
				951A31202800B78300350D60 /* DetailViewController.swift */,
				951A31302800B88900350D60 /* TrackListTableViewController.swift */,
			);
			path = ViewControllers;
			sourceTree = "<group>";
		};
		951A31342800B8E700350D60 /* Storyboards */ = {
			isa = PBXGroup;
			children = (
				951A31222800B78300350D60 /* Main.storyboard */,
				951A31272800B78300350D60 /* LaunchScreen.storyboard */,
			);
			path = Storyboards;
			sourceTree = "<group>";
		};
		951A31352800B8FA00350D60 /* Resources */ = {
			isa = PBXGroup;
			children = (
				951A31252800B78300350D60 /* Assets.xcassets */,
			);
			path = Resources;
			sourceTree = "<group>";
		};
		951A31362800B93200350D60 /* Services */ = {
			isa = PBXGroup;
			children = (
				951A313B2800BE2100350D60 /* NetworkManager.swift */,
			);
			path = Services;
			sourceTree = "<group>";
		};
		951A31382800B95A00350D60 /* Models */ = {
			isa = PBXGroup;
			children = (
				951A31392800BCEA00350D60 /* Track.swift */,
			);
			path = Models;
			sourceTree = "<group>";
		};
		95C9ED1B2802E86700BA0282 /* Cells */ = {
			isa = PBXGroup;
			children = (
				95C9ED192802D9CC00BA0282 /* TrackCell.swift */,
			);
			path = Cells;
			sourceTree = "<group>";
		};
/* End PBXGroup section */

/* Begin PBXNativeTarget section */
		951A31182800B78300350D60 /* iTunes Search JSON */ = {
			isa = PBXNativeTarget;
			buildConfigurationList = 951A312D2800B78300350D60 /* Build configuration list for PBXNativeTarget "iTunes Search JSON" */;
			buildPhases = (
				951A31152800B78300350D60 /* Sources */,
				951A31162800B78300350D60 /* Frameworks */,
				951A31172800B78300350D60 /* Resources */,
			);
			buildRules = (
			);
			dependencies = (
			);
			name = "iTunes Search JSON";
			productName = "iTunes Search JSON";
			productReference = 951A31192800B78300350D60 /* iTunes Search JSON.app */;
			productType = "com.apple.product-type.application";
		};
/* End PBXNativeTarget section */

/* Begin PBXProject section */
		951A31112800B78300350D60 /* Project object */ = {
			isa = PBXProject;
			attributes = {
				BuildIndependentTargetsInParallel = 1;
				LastSwiftUpdateCheck = 1320;
				LastUpgradeCheck = 1320;
				TargetAttributes = {
					951A31182800B78300350D60 = {
						CreatedOnToolsVersion = 13.2.1;
					};
				};
			};
			buildConfigurationList = 951A31142800B78300350D60 /* Build configuration list for PBXProject "iTunes Search JSON" */;
			compatibilityVersion = "Xcode 13.0";
			developmentRegion = en;
			hasScannedForEncodings = 0;
			knownRegions = (
				en,
				Base,
			);
			mainGroup = 951A31102800B78300350D60;
			productRefGroup = 951A311A2800B78300350D60 /* Products */;
			projectDirPath = "";
			projectRoot = "";
			targets = (
				951A31182800B78300350D60 /* iTunes Search JSON */,
			);
		};
/* End PBXProject section */

/* Begin PBXResourcesBuildPhase section */
		951A31172800B78300350D60 /* Resources */ = {
			isa = PBXResourcesBuildPhase;
			buildActionMask = 2147483647;
			files = (
				951A31292800B78300350D60 /* LaunchScreen.storyboard in Resources */,
				951A31262800B78300350D60 /* Assets.xcassets in Resources */,
				951A31242800B78300350D60 /* Main.storyboard in Resources */,
			);
			runOnlyForDeploymentPostprocessing = 0;
		};
/* End PBXResourcesBuildPhase section */

/* Begin PBXSourcesBuildPhase section */
		951A31152800B78300350D60 /* Sources */ = {
			isa = PBXSourcesBuildPhase;
			buildActionMask = 2147483647;
			files = (
				951A313C2800BE2100350D60 /* NetworkManager.swift in Sources */,
				951A31212800B78300350D60 /* DetailViewController.swift in Sources */,
				951A313A2800BCEA00350D60 /* Track.swift in Sources */,
				951A31312800B88900350D60 /* TrackListTableViewController.swift in Sources */,
				951A311D2800B78300350D60 /* AppDelegate.swift in Sources */,
				95C9ED1A2802D9CC00BA0282 /* TrackCell.swift in Sources */,
				951A311F2800B78300350D60 /* SceneDelegate.swift in Sources */,
			);
			runOnlyForDeploymentPostprocessing = 0;
		};
/* End PBXSourcesBuildPhase section */

/* Begin PBXVariantGroup section */
		951A31222800B78300350D60 /* Main.storyboard */ = {
			isa = PBXVariantGroup;
			children = (
				951A31232800B78300350D60 /* Base */,
			);
			name = Main.storyboard;
			sourceTree = "<group>";
		};
		951A31272800B78300350D60 /* LaunchScreen.storyboard */ = {
			isa = PBXVariantGroup;
			children = (
				951A31282800B78300350D60 /* Base */,
			);
			name = LaunchScreen.storyboard;
			sourceTree = "<group>";
		};
/* End PBXVariantGroup section */

/* Begin XCBuildConfiguration section */
		951A312B2800B78300350D60 /* Debug */ = {
			isa = XCBuildConfiguration;
			buildSettings = {
				ALWAYS_SEARCH_USER_PATHS = NO;
				CLANG_ANALYZER_NONNULL = YES;
				CLANG_ANALYZER_NUMBER_OBJECT_CONVERSION = YES_AGGRESSIVE;
				CLANG_CXX_LANGUAGE_STANDARD = "gnu++17";
				CLANG_CXX_LIBRARY = "libc++";
				CLANG_ENABLE_MODULES = YES;
				CLANG_ENABLE_OBJC_ARC = YES;
				CLANG_ENABLE_OBJC_WEAK = YES;
				CLANG_WARN_BLOCK_CAPTURE_AUTORELEASING = YES;
				CLANG_WARN_BOOL_CONVERSION = YES;
				CLANG_WARN_COMMA = YES;
				CLANG_WARN_CONSTANT_CONVERSION = YES;
				CLANG_WARN_DEPRECATED_OBJC_IMPLEMENTATIONS = YES;
				CLANG_WARN_DIRECT_OBJC_ISA_USAGE = YES_ERROR;
				CLANG_WARN_DOCUMENTATION_COMMENTS = YES;
				CLANG_WARN_EMPTY_BODY = YES;
				CLANG_WARN_ENUM_CONVERSION = YES;
				CLANG_WARN_INFINITE_RECURSION = YES;
				CLANG_WARN_INT_CONVERSION = YES;
				CLANG_WARN_NON_LITERAL_NULL_CONVERSION = YES;
				CLANG_WARN_OBJC_IMPLICIT_RETAIN_SELF = YES;
				CLANG_WARN_OBJC_LITERAL_CONVERSION = YES;
				CLANG_WARN_OBJC_ROOT_CLASS = YES_ERROR;
				CLANG_WARN_QUOTED_INCLUDE_IN_FRAMEWORK_HEADER = YES;
				CLANG_WARN_RANGE_LOOP_ANALYSIS = YES;
				CLANG_WARN_STRICT_PROTOTYPES = YES;
				CLANG_WARN_SUSPICIOUS_MOVE = YES;
				CLANG_WARN_UNGUARDED_AVAILABILITY = YES_AGGRESSIVE;
				CLANG_WARN_UNREACHABLE_CODE = YES;
				CLANG_WARN__DUPLICATE_METHOD_MATCH = YES;
				COPY_PHASE_STRIP = NO;
				DEBUG_INFORMATION_FORMAT = dwarf;
				ENABLE_STRICT_OBJC_MSGSEND = YES;
				ENABLE_TESTABILITY = YES;
				GCC_C_LANGUAGE_STANDARD = gnu11;
				GCC_DYNAMIC_NO_PIC = NO;
				GCC_NO_COMMON_BLOCKS = YES;
				GCC_OPTIMIZATION_LEVEL = 0;
				GCC_PREPROCESSOR_DEFINITIONS = (
					"DEBUG=1",
					"$(inherited)",
				);
				GCC_WARN_64_TO_32_BIT_CONVERSION = YES;
				GCC_WARN_ABOUT_RETURN_TYPE = YES_ERROR;
				GCC_WARN_UNDECLARED_SELECTOR = YES;
				GCC_WARN_UNINITIALIZED_AUTOS = YES_AGGRESSIVE;
				GCC_WARN_UNUSED_FUNCTION = YES;
				GCC_WARN_UNUSED_VARIABLE = YES;
				IPHONEOS_DEPLOYMENT_TARGET = 15.2;
				MTL_ENABLE_DEBUG_INFO = INCLUDE_SOURCE;
				MTL_FAST_MATH = YES;
				ONLY_ACTIVE_ARCH = YES;
				SDKROOT = iphoneos;
				SWIFT_ACTIVE_COMPILATION_CONDITIONS = DEBUG;
				SWIFT_OPTIMIZATION_LEVEL = "-Onone";
			};
			name = Debug;
		};
		951A312C2800B78300350D60 /* Release */ = {
			isa = XCBuildConfiguration;
			buildSettings = {
				ALWAYS_SEARCH_USER_PATHS = NO;
				CLANG_ANALYZER_NONNULL = YES;
				CLANG_ANALYZER_NUMBER_OBJECT_CONVERSION = YES_AGGRESSIVE;
				CLANG_CXX_LANGUAGE_STANDARD = "gnu++17";
				CLANG_CXX_LIBRARY = "libc++";
				CLANG_ENABLE_MODULES = YES;
				CLANG_ENABLE_OBJC_ARC = YES;
				CLANG_ENABLE_OBJC_WEAK = YES;
				CLANG_WARN_BLOCK_CAPTURE_AUTORELEASING = YES;
				CLANG_WARN_BOOL_CONVERSION = YES;
				CLANG_WARN_COMMA = YES;
				CLANG_WARN_CONSTANT_CONVERSION = YES;
				CLANG_WARN_DEPRECATED_OBJC_IMPLEMENTATIONS = YES;
				CLANG_WARN_DIRECT_OBJC_ISA_USAGE = YES_ERROR;
				CLANG_WARN_DOCUMENTATION_COMMENTS = YES;
				CLANG_WARN_EMPTY_BODY = YES;
				CLANG_WARN_ENUM_CONVERSION = YES;
				CLANG_WARN_INFINITE_RECURSION = YES;
				CLANG_WARN_INT_CONVERSION = YES;
				CLANG_WARN_NON_LITERAL_NULL_CONVERSION = YES;
				CLANG_WARN_OBJC_IMPLICIT_RETAIN_SELF = YES;
				CLANG_WARN_OBJC_LITERAL_CONVERSION = YES;
				CLANG_WARN_OBJC_ROOT_CLASS = YES_ERROR;
				CLANG_WARN_QUOTED_INCLUDE_IN_FRAMEWORK_HEADER = YES;
				CLANG_WARN_RANGE_LOOP_ANALYSIS = YES;
				CLANG_WARN_STRICT_PROTOTYPES = YES;
				CLANG_WARN_SUSPICIOUS_MOVE = YES;
				CLANG_WARN_UNGUARDED_AVAILABILITY = YES_AGGRESSIVE;
				CLANG_WARN_UNREACHABLE_CODE = YES;
				CLANG_WARN__DUPLICATE_METHOD_MATCH = YES;
				COPY_PHASE_STRIP = NO;
				DEBUG_INFORMATION_FORMAT = "dwarf-with-dsym";
				ENABLE_NS_ASSERTIONS = NO;
				ENABLE_STRICT_OBJC_MSGSEND = YES;
				GCC_C_LANGUAGE_STANDARD = gnu11;
				GCC_NO_COMMON_BLOCKS = YES;
				GCC_WARN_64_TO_32_BIT_CONVERSION = YES;
				GCC_WARN_ABOUT_RETURN_TYPE = YES_ERROR;
				GCC_WARN_UNDECLARED_SELECTOR = YES;
				GCC_WARN_UNINITIALIZED_AUTOS = YES_AGGRESSIVE;
				GCC_WARN_UNUSED_FUNCTION = YES;
				GCC_WARN_UNUSED_VARIABLE = YES;
				IPHONEOS_DEPLOYMENT_TARGET = 15.2;
				MTL_ENABLE_DEBUG_INFO = NO;
				MTL_FAST_MATH = YES;
				SDKROOT = iphoneos;
				SWIFT_COMPILATION_MODE = wholemodule;
				SWIFT_OPTIMIZATION_LEVEL = "-O";
				VALIDATE_PRODUCT = YES;
			};
			name = Release;
		};
		951A312E2800B78300350D60 /* Debug */ = {
			isa = XCBuildConfiguration;
			buildSettings = {
				ASSETCATALOG_COMPILER_APPICON_NAME = AppIcon;
				ASSETCATALOG_COMPILER_GLOBAL_ACCENT_COLOR_NAME = AccentColor;
				CODE_SIGN_STYLE = Automatic;
				CURRENT_PROJECT_VERSION = 1;
				DEVELOPMENT_TEAM = WGB4PJQA77;
				GENERATE_INFOPLIST_FILE = YES;
				INFOPLIST_FILE = "iTunes Search JSON/App/Info.plist";
				INFOPLIST_KEY_UIApplicationSupportsIndirectInputEvents = YES;
				INFOPLIST_KEY_UILaunchStoryboardName = LaunchScreen;
				INFOPLIST_KEY_UIMainStoryboardFile = Main;
				INFOPLIST_KEY_UISupportedInterfaceOrientations_iPad = "UIInterfaceOrientationPortrait UIInterfaceOrientationPortraitUpsideDown UIInterfaceOrientationLandscapeLeft UIInterfaceOrientationLandscapeRight";
				INFOPLIST_KEY_UISupportedInterfaceOrientations_iPhone = "UIInterfaceOrientationPortrait UIInterfaceOrientationLandscapeLeft UIInterfaceOrientationLandscapeRight";
				LD_RUNPATH_SEARCH_PATHS = (
					"$(inherited)",
					"@executable_path/Frameworks",
				);
				MARKETING_VERSION = 1.0;
				PRODUCT_BUNDLE_IDENTIFIER = "Education.iTunes-Search-JSON";
				PRODUCT_NAME = "$(TARGET_NAME)";
				SWIFT_EMIT_LOC_STRINGS = YES;
				SWIFT_VERSION = 5.0;
				TARGETED_DEVICE_FAMILY = 1;
			};
			name = Debug;
		};
		951A312F2800B78300350D60 /* Release */ = {
			isa = XCBuildConfiguration;
			buildSettings = {
				ASSETCATALOG_COMPILER_APPICON_NAME = AppIcon;
				ASSETCATALOG_COMPILER_GLOBAL_ACCENT_COLOR_NAME = AccentColor;
				CODE_SIGN_STYLE = Automatic;
				CURRENT_PROJECT_VERSION = 1;
				DEVELOPMENT_TEAM = WGB4PJQA77;
				GENERATE_INFOPLIST_FILE = YES;
				INFOPLIST_FILE = "iTunes Search JSON/App/Info.plist";
				INFOPLIST_KEY_UIApplicationSupportsIndirectInputEvents = YES;
				INFOPLIST_KEY_UILaunchStoryboardName = LaunchScreen;
				INFOPLIST_KEY_UIMainStoryboardFile = Main;
				INFOPLIST_KEY_UISupportedInterfaceOrientations_iPad = "UIInterfaceOrientationPortrait UIInterfaceOrientationPortraitUpsideDown UIInterfaceOrientationLandscapeLeft UIInterfaceOrientationLandscapeRight";
				INFOPLIST_KEY_UISupportedInterfaceOrientations_iPhone = "UIInterfaceOrientationPortrait UIInterfaceOrientationLandscapeLeft UIInterfaceOrientationLandscapeRight";
				LD_RUNPATH_SEARCH_PATHS = (
					"$(inherited)",
					"@executable_path/Frameworks",
				);
				MARKETING_VERSION = 1.0;
				PRODUCT_BUNDLE_IDENTIFIER = "Education.iTunes-Search-JSON";
				PRODUCT_NAME = "$(TARGET_NAME)";
				SWIFT_EMIT_LOC_STRINGS = YES;
				SWIFT_VERSION = 5.0;
				TARGETED_DEVICE_FAMILY = 1;
			};
			name = Release;
		};
/* End XCBuildConfiguration section */

/* Begin XCConfigurationList section */
		951A31142800B78300350D60 /* Build configuration list for PBXProject "iTunes Search JSON" */ = {
			isa = XCConfigurationList;
			buildConfigurations = (
				951A312B2800B78300350D60 /* Debug */,
				951A312C2800B78300350D60 /* Release */,
			);
			defaultConfigurationIsVisible = 0;
			defaultConfigurationName = Release;
		};
		951A312D2800B78300350D60 /* Build configuration list for PBXNativeTarget "iTunes Search JSON" */ = {
			isa = XCConfigurationList;
			buildConfigurations = (
				951A312E2800B78300350D60 /* Debug */,
				951A312F2800B78300350D60 /* Release */,
			);
			defaultConfigurationIsVisible = 0;
			defaultConfigurationName = Release;
		};
/* End XCConfigurationList section */
	};
	rootObject = 951A31112800B78300350D60 /* Project object */;
}
